PODS:
  - Differentiator (3.1.0)
  - DPTableView (0.2.1):
    - DZNEmptyDataSet (~> 1.8.1)
    - RxCocoa (= 4.3.0)
    - RxDataSources (= 3.1.0)
    - RxSwift (= 4.3.0)
  - DZNEmptyDataSet (1.8.1)
  - RxCocoa (4.3.0):
    - RxSwift (~> 4.0)
  - RxDataSources (3.1.0):
    - Differentiator (~> 3.0)
    - RxCocoa (~> 4.0)
    - RxSwift (~> 4.0)
  - RxSwift (4.3.0)

DEPENDENCIES:
  - DPTableView (from `../`)

SPEC REPOS:
  https://github.com/cocoapods/specs.git:
    - Differentiator
    - DZNEmptyDataSet
    - RxCocoa
    - RxDataSources
    - RxSwift

EXTERNAL SOURCES:
  DPTableView:
    :path: "../"

SPEC CHECKSUMS:
  Differentiator: be49ca3408f0ecfc761e4c7763d20c62be01b9ad
  DPTableView: 3789654bf271301057bf7310af14942474e2fc77
  DZNEmptyDataSet: 9525833b9e68ac21c30253e1d3d7076cc828eaa7
  RxCocoa: 71b9cce833fbcb89a8eec11816dd225830c2bd3c
  RxDataSources: a843bad90c29817f5923ec8163f4af2de084ceb3
  RxSwift: a9717a34df3179fe63563f76e046ad345078dd3a

PODFILE CHECKSUM: 87b2e98ede66195fbe373e68e55cf75c65e25438

COCOAPODS: 1.6.1
